{
  "nodes": {
    "crane": {
      "locked": {
        "lastModified": 1728776144,
        "narHash": "sha256-fROVjMcKRoGHofDm8dY3uDUtCMwUICh/KjBFQnuBzfg=",
        "owner": "ipetkov",
        "repo": "crane",
        "rev": "f876e3d905b922502f031aeec1a84490122254b7",
        "type": "github"
      },
      "original": {
        "owner": "ipetkov",
        "repo": "crane",
        "type": "github"
      }
    },
    "flake-parts": {
      "inputs": {
        "nixpkgs-lib": [
          "nixpkgs"
        ]
      },
      "locked": {
        "lastModified": 1727826117,
        "narHash": "sha256-K5ZLCyfO/Zj9mPFldf3iwS6oZStJcU4tSpiXTMYaaL0=",
        "owner": "hercules-ci",
        "repo": "flake-parts",
        "rev": "3d04084d54bedc3d6b8b736c70ef449225c361b1",
        "type": "github"
      },
      "original": {
        "owner": "hercules-ci",
        "repo": "flake-parts",
        "type": "github"
      }
    },
    "nixpkgs": {
      "locked": {
        "lastModified": 1729254828,
        "narHash": "sha256-yAIlIhM7GG8ljKhBRv5/RwACCZtsR6+aKqna3Jb5DtU=",
        "owner": "NixOS",
        "repo": "nixpkgs",
        "rev": "08b573cd047a557de48df7832d6aabf780869e14",
        "type": "github"
      },
      "original": {
        "owner": "NixOS",
        "repo": "nixpkgs",
        "type": "github"
      }
    },
    "root": {
      "inputs": {
        "crane": "crane",
        "flake-parts": "flake-parts",
        "nixpkgs": "nixpkgs",
        "rust-overlay": "rust-overlay",
        "treefmt-nix": "treefmt-nix"
      }
    },
    "rust-overlay": {
      "inputs": {
        "nixpkgs": [
          "nixpkgs"
        ]
      },
      "locked": {
        "lastModified": 1729218602,
        "narHash": "sha256-KDmYxpkFWa0Go0WnOpkgQOypVaQxbwgpEutET5ey1VQ=",
        "owner": "oxalica",
        "repo": "rust-overlay",
        "rev": "9051466c82b9b3a6ba9e06be99621ad25423ec94",
        "type": "github"
      },
      "original": {
        "owner": "oxalica",
        "repo": "rust-overlay",
        "type": "github"
      }
    },
    "treefmt-nix": {
      "inputs": {
        "nixpkgs": [
          "nixpkgs"
        ]
      },
      "locked": {
        "lastModified": 1729242555,
        "narHash": "sha256-6jWSWxv2crIXmYSEb3LEVsFkCkyVHNllk61X4uhqfCs=",
        "owner": "numtide",
        "repo": "treefmt-nix",
        "rev": "d986489c1c757f6921a48c1439f19bfb9b8ecab5",
        "type": "github"
      },
      "original": {
        "owner": "numtide",
        "repo": "treefmt-nix",
        "type": "github"
      }
    }
  },
  "root": "root",
  "version": 7
}
